
Microsoft Visual Studio Solution File, Format Version 12.00
# Visual Studio Version 16
VisualStudioVersion = 16.0.28902.138
MinimumVisualStudioVersion = 10.0.40219.1
Project("{2150E333-8FDC-42A3-9474-1A3956D46DE8}") = "src", "src", "{6EF86008-5993-4F7A-8B4B-F30A85BC6EE8}"
EndProject
Project("{2150E333-8FDC-42A3-9474-1A3956D46DE8}") = "samples", "samples", "{E961F502-9430-4E81-95AE-C202E0AE643F}"
EndProject
Project("{2150E333-8FDC-42A3-9474-1A3956D46DE8}") = "test", "test", "{0FD24B4A-2B2B-4DCC-88F4-F13398F0CB18}"
EndProject
Project("{2150E333-8FDC-42A3-9474-1A3956D46DE8}") = "build", "build", "{CFFA9471-EC37-451E-BA20-3DA090F0A683}"
EndProject
Project("{2150E333-8FDC-42A3-9474-1A3956D46DE8}") = "Tasks", "Tasks", "{C0FF3B0D-BE20-4F54-ACD3-D8B45CAD5B57}"
	ProjectSection(SolutionItems) = preProject
		build\cake\Tasks\build.cake = build\cake\Tasks\build.cake
		build\cake\Tasks\clean.cake = build\cake\Tasks\clean.cake
		build\cake\Tasks\create-nuget-package.cake = build\cake\Tasks\create-nuget-package.cake
		build\cake\Tasks\default.cake = build\cake\Tasks\default.cake
		build\cake\Tasks\publish-nuget-package.cake = build\cake\Tasks\publish-nuget-package.cake
		build\cake\Tasks\restore-nuget-packages.cake = build\cake\Tasks\restore-nuget-packages.cake
		build\cake\Tasks\run-unit-tests.cake = build\cake\Tasks\run-unit-tests.cake
	EndProjectSection
EndProject
Project("{2150E333-8FDC-42A3-9474-1A3956D46DE8}") = "cake", "cake", "{5CF04261-17B9-44F2-AD3F-C19C92796442}"
	ProjectSection(SolutionItems) = preProject
		build\cake\build.cake = build\cake\build.cake
		build\cake\build.ps1 = build\cake\build.ps1
		build\cake\build.sh = build\cake\build.sh
		build\cake\cake.config = build\cake\cake.config
	EndProjectSection
EndProject
Project("{2150E333-8FDC-42A3-9474-1A3956D46DE8}") = "Unit", "Unit", "{6F037AC1-A8B5-4D89-B33A-BCDDB78553A6}"
EndProject
Project("{9A19103F-16F7-4668-BE54-9A1E7A4F7556}") = "IpData", "src\IpData\IpData.csproj", "{7EE175C0-1309-4AA7-BC80-2F01A3855D9A}"
EndProject
Project("{9A19103F-16F7-4668-BE54-9A1E7A4F7556}") = "IpData.Tests", "test\Unit\IpData.Tests\IpData.Tests.csproj", "{65B7BCF3-82C8-480E-ADC3-B45DD67BD565}"
EndProject
Project("{2150E333-8FDC-42A3-9474-1A3956D46DE8}") = "tools", "tools", "{049BFCD0-AD71-4357-91CF-62CC03D8FB39}"
	ProjectSection(SolutionItems) = preProject
		build\cake\tools\packages.config = build\cake\tools\packages.config
	EndProjectSection
EndProject
Project("{2150E333-8FDC-42A3-9474-1A3956D46DE8}") = "azure-devops", "azure-devops", "{3A111F6A-56C3-4952-B45F-5CDA714D059F}"
	ProjectSection(SolutionItems) = preProject
		build\azure-devops\gated.yaml = build\azure-devops\gated.yaml
		build\azure-devops\outer-loop.yaml = build\azure-devops\outer-loop.yaml
	EndProjectSection
EndProject
Project("{2150E333-8FDC-42A3-9474-1A3956D46DE8}") = ".github", ".github", "{3B7FCB46-B3B6-41EF-9495-3FA4D027E3FC}"
	ProjectSection(SolutionItems) = preProject
		.github\CODE_OF_CONDUCT.md = .github\CODE_OF_CONDUCT.md
		.github\CONTRIBUTING.md = .github\CONTRIBUTING.md
		.github\PULL_REQUEST_TEMPLATE.md = .github\PULL_REQUEST_TEMPLATE.md
		.github\README.md = .github\README.md
	EndProjectSection
EndProject
Project("{2150E333-8FDC-42A3-9474-1A3956D46DE8}") = "ISSUE_TEMPLATE", "ISSUE_TEMPLATE", "{C92F6AF1-C354-4965-AD3C-938BC870F853}"
	ProjectSection(SolutionItems) = preProject
		.github\ISSUE_TEMPLATE\Bug_report.md = .github\ISSUE_TEMPLATE\Bug_report.md
		.github\ISSUE_TEMPLATE\Feature_request.md = .github\ISSUE_TEMPLATE\Feature_request.md
	EndProjectSection
EndProject
Project("{2150E333-8FDC-42A3-9474-1A3956D46DE8}") = "Utils", "Utils", "{4C55C81D-E924-4BA9-9A6C-92B74EC4F7AE}"
	ProjectSection(SolutionItems) = preProject
		build\cake\Utils\paths.cake = build\cake\Utils\paths.cake
	EndProjectSection
EndProject
Project("{2150E333-8FDC-42A3-9474-1A3956D46DE8}") = "Solution Items", "Solution Items", "{70F5FBDA-9DAA-4675-938E-EC6E450852CE}"
	ProjectSection(SolutionItems) = preProject
		.editorconfig = .editorconfig
		.gitignore = .gitignore
		LICENSE = LICENSE
	EndProjectSection
EndProject
Project("{9A19103F-16F7-4668-BE54-9A1E7A4F7556}") = "IpData.Lookup", "samples\IpData.Lookup\IpData.Lookup.csproj", "{3546F4B5-7D43-4332-914A-6A657D95CEB1}"
EndProject
Global
	GlobalSection(SolutionConfigurationPlatforms) = preSolution
		Debug|Any CPU = Debug|Any CPU
		Release|Any CPU = Release|Any CPU
	EndGlobalSection
	GlobalSection(ProjectConfigurationPlatforms) = postSolution
		{7EE175C0-1309-4AA7-BC80-2F01A3855D9A}.Debug|Any CPU.ActiveCfg = Debug|Any CPU
		{7EE175C0-1309-4AA7-BC80-2F01A3855D9A}.Debug|Any CPU.Build.0 = Debug|Any CPU
		{7EE175C0-1309-4AA7-BC80-2F01A3855D9A}.Release|Any CPU.ActiveCfg = Release|Any CPU
		{7EE175C0-1309-4AA7-BC80-2F01A3855D9A}.Release|Any CPU.Build.0 = Release|Any CPU
		{65B7BCF3-82C8-480E-ADC3-B45DD67BD565}.Debug|Any CPU.ActiveCfg = Debug|Any CPU
		{65B7BCF3-82C8-480E-ADC3-B45DD67BD565}.Debug|Any CPU.Build.0 = Debug|Any CPU
		{65B7BCF3-82C8-480E-ADC3-B45DD67BD565}.Release|Any CPU.ActiveCfg = Release|Any CPU
		{65B7BCF3-82C8-480E-ADC3-B45DD67BD565}.Release|Any CPU.Build.0 = Release|Any CPU
		{3546F4B5-7D43-4332-914A-6A657D95CEB1}.Debug|Any CPU.ActiveCfg = Debug|Any CPU
		{3546F4B5-7D43-4332-914A-6A657D95CEB1}.Debug|Any CPU.Build.0 = Debug|Any CPU
		{3546F4B5-7D43-4332-914A-6A657D95CEB1}.Release|Any CPU.ActiveCfg = Release|Any CPU
		{3546F4B5-7D43-4332-914A-6A657D95CEB1}.Release|Any CPU.Build.0 = Release|Any CPU
	EndGlobalSection
	GlobalSection(SolutionProperties) = preSolution
		HideSolutionNode = FALSE
	EndGlobalSection
	GlobalSection(NestedProjects) = preSolution
		{C0FF3B0D-BE20-4F54-ACD3-D8B45CAD5B57} = {5CF04261-17B9-44F2-AD3F-C19C92796442}
		{5CF04261-17B9-44F2-AD3F-C19C92796442} = {CFFA9471-EC37-451E-BA20-3DA090F0A683}
		{6F037AC1-A8B5-4D89-B33A-BCDDB78553A6} = {0FD24B4A-2B2B-4DCC-88F4-F13398F0CB18}
		{7EE175C0-1309-4AA7-BC80-2F01A3855D9A} = {6EF86008-5993-4F7A-8B4B-F30A85BC6EE8}
		{65B7BCF3-82C8-480E-ADC3-B45DD67BD565} = {6F037AC1-A8B5-4D89-B33A-BCDDB78553A6}
		{049BFCD0-AD71-4357-91CF-62CC03D8FB39} = {5CF04261-17B9-44F2-AD3F-C19C92796442}
		{3A111F6A-56C3-4952-B45F-5CDA714D059F} = {CFFA9471-EC37-451E-BA20-3DA090F0A683}
		{C92F6AF1-C354-4965-AD3C-938BC870F853} = {3B7FCB46-B3B6-41EF-9495-3FA4D027E3FC}
		{4C55C81D-E924-4BA9-9A6C-92B74EC4F7AE} = {5CF04261-17B9-44F2-AD3F-C19C92796442}
		{3546F4B5-7D43-4332-914A-6A657D95CEB1} = {E961F502-9430-4E81-95AE-C202E0AE643F}
	EndGlobalSection
	GlobalSection(ExtensibilityGlobals) = postSolution
		SolutionGuid = {E46291BA-16F6-4D05-B612-EE9B0DF9CFAF}
	EndGlobalSection
EndGlobal
